// !$*UTF8*$!
{
	archiveVersion = 1;
	classes = {
	};
	objectVersion = 56;
	objects = {

/* Begin PBXBuildFile section */
		A10000010000000000000001 /* App.swift in Sources */ = {isa = PBXBuildFile; fileRef = A10000110000000000000001 /* App.swift */; };
		A10000010000000000000002 /* HotkeyManager.swift in Sources */ = {isa = PBXBuildFile; fileRef = A10000110000000000000002 /* HotkeyManager.swift */; };
		A10000010000000000000003 /* ScreenCaptureService.swift in Sources */ = {isa = PBXBuildFile; fileRef = A10000110000000000000003 /* ScreenCaptureService.swift */; };
		A10000010000000000000006 /* ClipboardManager.swift in Sources */ = {isa = PBXBuildFile; fileRef = A10000110000000000000006 /* ClipboardManager.swift */; };
		A10000010000000000000007 /* ImageSaver.swift in Sources */ = {isa = PBXBuildFile; fileRef = A10000110000000000000007 /* ImageSaver.swift */; };
		A10000010000000000000008 /* ScreenshotEditorCanvasView.swift in Sources */ = {isa = PBXBuildFile; fileRef = A10000110000000000000009 /* ScreenshotEditorCanvasView.swift */; };
		A10000010000000000000009 /* ScreenshotEditorWindowController.swift in Sources */ = {isa = PBXBuildFile; fileRef = A10000110000000000000010 /* ScreenshotEditorWindowController.swift */; };
		A10000010000000000000010 /* AppLogger.swift in Sources */ = {isa = PBXBuildFile; fileRef = A10000110000000000000011 /* AppLogger.swift */; };
		A10000010000000000000011 /* scrshotTests.swift in Sources */ = {isa = PBXBuildFile; fileRef = A10000110000000000000012 /* scrshotTests.swift */; };
		A10000010000000000000012 /* XCTest.framework in Frameworks */ = {isa = PBXBuildFile; fileRef = A10000110000000000000014 /* XCTest.framework */; };
		A10000010000000000000013 /* AppPreferences.swift in Sources */ = {isa = PBXBuildFile; fileRef = A10000110000000000000015 /* AppPreferences.swift */; };
		A10000010000000000000014 /* StatusItemController.swift in Sources */ = {isa = PBXBuildFile; fileRef = A10000110000000000000016 /* StatusItemController.swift */; };
		A10000010000000000000015 /* PreferencesWindowController.swift in Sources */ = {isa = PBXBuildFile; fileRef = A10000110000000000000017 /* PreferencesWindowController.swift */; };
		A10000010000000000000016 /* Assets.xcassets in Resources */ = {isa = PBXBuildFile; fileRef = A10000110000000000000018 /* Assets.xcassets */; };
		A10000010000000000000017 /* LaunchAtLoginController.swift in Sources */ = {isa = PBXBuildFile; fileRef = A10000110000000000000019 /* LaunchAtLoginController.swift */; };
		A10000010000000000000018 /* ScreenRecordingService.swift in Sources */ = {isa = PBXBuildFile; fileRef = A10000110000000000000020 /* ScreenRecordingService.swift */; };
		A10000010000000000000019 /* AppRuntimeSupport.swift in Sources */ = {isa = PBXBuildFile; fileRef = A10000110000000000000021 /* AppRuntimeSupport.swift */; };
		A10000010000000000000020 /* ScreenshotEditorShellView.swift in Sources */ = {isa = PBXBuildFile; fileRef = A10000110000000000000022 /* ScreenshotEditorShellView.swift */; };
		A10000010000000000000021 /* ScreenshotEditorTypes.swift in Sources */ = {isa = PBXBuildFile; fileRef = A10000110000000000000023 /* ScreenshotEditorTypes.swift */; };
		A10000010000000000000022 /* ScreenshotEditorAnnotation.swift in Sources */ = {isa = PBXBuildFile; fileRef = A10000110000000000000024 /* ScreenshotEditorAnnotation.swift */; };
		A10000010000000000000023 /* ScreenshotEditorDocument.swift in Sources */ = {isa = PBXBuildFile; fileRef = A10000110000000000000025 /* ScreenshotEditorDocument.swift */; };
		A10000010000000000000024 /* InlineTextEditorView.swift in Sources */ = {isa = PBXBuildFile; fileRef = A10000110000000000000026 /* InlineTextEditorView.swift */; };
		A10000010000000000000025 /* ScreenshotEditorGeometry.swift in Sources */ = {isa = PBXBuildFile; fileRef = A10000110000000000000027 /* ScreenshotEditorGeometry.swift */; };
		A10000010000000000000026 /* ScreenshotEditorShellViewModel.swift in Sources */ = {isa = PBXBuildFile; fileRef = A10000110000000000000028 /* ScreenshotEditorShellViewModel.swift */; };
		A10000010000000000000027 /* ScreenshotEditorShellPreview.swift in Sources */ = {isa = PBXBuildFile; fileRef = A10000110000000000000029 /* ScreenshotEditorShellPreview.swift */; };
		A10000010000000000000028 /* ScreenshotEditorToolbarView.swift in Sources */ = {isa = PBXBuildFile; fileRef = A10000110000000000000030 /* ScreenshotEditorToolbarView.swift */; };
		A10000010000000000000029 /* ScreenshotEditorHostingSupport.swift in Sources */ = {isa = PBXBuildFile; fileRef = A10000110000000000000031 /* ScreenshotEditorHostingSupport.swift */; };
		A10000010000000000000030 /* NSScreen+DisplayID.swift in Sources */ = {isa = PBXBuildFile; fileRef = A10000110000000000000032 /* NSScreen+DisplayID.swift */; };
		A10000010000000000000031 /* ScreenshotEditorScreenPlacement.swift in Sources */ = {isa = PBXBuildFile; fileRef = A10000110000000000000033 /* ScreenshotEditorScreenPlacement.swift */; };
		A10000010000000000000032 /* AppLaunchSupport.swift in Sources */ = {isa = PBXBuildFile; fileRef = A10000110000000000000034 /* AppLaunchSupport.swift */; };
		A10000010000000000000033 /* SecurityScopedDirectoryAccess.swift in Sources */ = {isa = PBXBuildFile; fileRef = A10000110000000000000039 /* SecurityScopedDirectoryAccess.swift */; };
		A10000010000000000000034 /* PrivacyInfo.xcprivacy in Resources */ = {isa = PBXBuildFile; fileRef = A10000110000000000000040 /* PrivacyInfo.xcprivacy */; };
/* End PBXBuildFile section */

/* Begin PBXContainerItemProxy section */
		A10000700000000000000001 /* PBXContainerItemProxy */ = {
			isa = PBXContainerItemProxy;
			containerPortal = A10000500000000000000001 /* Project object */;
			proxyType = 1;
			remoteGlobalIDString = A10000300000000000000001;
			remoteInfo = scrshot;
		};
/* End PBXContainerItemProxy section */

/* Begin PBXFileReference section */
		A10000110000000000000001 /* App.swift */ = {isa = PBXFileReference; lastKnownFileType = sourcecode.swift; path = App.swift; sourceTree = "<group>"; };
		A10000110000000000000002 /* HotkeyManager.swift */ = {isa = PBXFileReference; lastKnownFileType = sourcecode.swift; path = HotkeyManager.swift; sourceTree = "<group>"; };
		A10000110000000000000003 /* ScreenCaptureService.swift */ = {isa = PBXFileReference; lastKnownFileType = sourcecode.swift; path = ScreenCaptureService.swift; sourceTree = "<group>"; };
		A10000110000000000000006 /* ClipboardManager.swift */ = {isa = PBXFileReference; lastKnownFileType = sourcecode.swift; path = ClipboardManager.swift; sourceTree = "<group>"; };
		A10000110000000000000007 /* ImageSaver.swift */ = {isa = PBXFileReference; lastKnownFileType = sourcecode.swift; path = ImageSaver.swift; sourceTree = "<group>"; };
		A10000110000000000000008 /* scrshot.app */ = {isa = PBXFileReference; explicitFileType = wrapper.application; includeInIndex = 0; path = scrshot.app; sourceTree = BUILT_PRODUCTS_DIR; };
		A10000110000000000000009 /* ScreenshotEditorCanvasView.swift */ = {isa = PBXFileReference; lastKnownFileType = sourcecode.swift; path = ScreenshotEditorCanvasView.swift; sourceTree = "<group>"; };
		A10000110000000000000010 /* ScreenshotEditorWindowController.swift */ = {isa = PBXFileReference; lastKnownFileType = sourcecode.swift; path = ScreenshotEditorWindowController.swift; sourceTree = "<group>"; };
		A10000110000000000000011 /* AppLogger.swift */ = {isa = PBXFileReference; lastKnownFileType = sourcecode.swift; path = AppLogger.swift; sourceTree = "<group>"; };
		A10000110000000000000012 /* scrshotTests.swift */ = {isa = PBXFileReference; lastKnownFileType = sourcecode.swift; path = scrshotTests.swift; sourceTree = "<group>"; };
		A10000110000000000000013 /* scrshotTests.xctest */ = {isa = PBXFileReference; explicitFileType = wrapper.cfbundle; includeInIndex = 0; path = scrshotTests.xctest; sourceTree = BUILT_PRODUCTS_DIR; };
		A10000110000000000000014 /* XCTest.framework */ = {isa = PBXFileReference; lastKnownFileType = wrapper.framework; name = XCTest.framework; path = System/Library/Frameworks/XCTest.framework; sourceTree = SDKROOT; };
		A10000110000000000000015 /* AppPreferences.swift */ = {isa = PBXFileReference; lastKnownFileType = sourcecode.swift; path = AppPreferences.swift; sourceTree = "<group>"; };
		A10000110000000000000016 /* StatusItemController.swift */ = {isa = PBXFileReference; lastKnownFileType = sourcecode.swift; path = StatusItemController.swift; sourceTree = "<group>"; };
		A10000110000000000000017 /* PreferencesWindowController.swift */ = {isa = PBXFileReference; lastKnownFileType = sourcecode.swift; path = PreferencesWindowController.swift; sourceTree = "<group>"; };
		A10000110000000000000018 /* Assets.xcassets */ = {isa = PBXFileReference; lastKnownFileType = folder.assetcatalog; path = Assets.xcassets; sourceTree = "<group>"; };
		A10000110000000000000019 /* LaunchAtLoginController.swift */ = {isa = PBXFileReference; lastKnownFileType = sourcecode.swift; path = LaunchAtLoginController.swift; sourceTree = "<group>"; };
		A10000110000000000000020 /* ScreenRecordingService.swift */ = {isa = PBXFileReference; lastKnownFileType = sourcecode.swift; path = ScreenRecordingService.swift; sourceTree = "<group>"; };
		A10000110000000000000021 /* AppRuntimeSupport.swift */ = {isa = PBXFileReference; lastKnownFileType = sourcecode.swift; path = AppRuntimeSupport.swift; sourceTree = "<group>"; };
		A10000110000000000000022 /* ScreenshotEditorShellView.swift */ = {isa = PBXFileReference; lastKnownFileType = sourcecode.swift; path = ScreenshotEditorShellView.swift; sourceTree = "<group>"; };
		A10000110000000000000023 /* ScreenshotEditorTypes.swift */ = {isa = PBXFileReference; lastKnownFileType = sourcecode.swift; path = ScreenshotEditorTypes.swift; sourceTree = "<group>"; };
		A10000110000000000000024 /* ScreenshotEditorAnnotation.swift */ = {isa = PBXFileReference; lastKnownFileType = sourcecode.swift; path = ScreenshotEditorAnnotation.swift; sourceTree = "<group>"; };
		A10000110000000000000025 /* ScreenshotEditorDocument.swift */ = {isa = PBXFileReference; lastKnownFileType = sourcecode.swift; path = ScreenshotEditorDocument.swift; sourceTree = "<group>"; };
		A10000110000000000000026 /* InlineTextEditorView.swift */ = {isa = PBXFileReference; lastKnownFileType = sourcecode.swift; path = InlineTextEditorView.swift; sourceTree = "<group>"; };
		A10000110000000000000027 /* ScreenshotEditorGeometry.swift */ = {isa = PBXFileReference; lastKnownFileType = sourcecode.swift; path = ScreenshotEditorGeometry.swift; sourceTree = "<group>"; };
		A10000110000000000000028 /* ScreenshotEditorShellViewModel.swift */ = {isa = PBXFileReference; lastKnownFileType = sourcecode.swift; path = ScreenshotEditorShellViewModel.swift; sourceTree = "<group>"; };
		A10000110000000000000029 /* ScreenshotEditorShellPreview.swift */ = {isa = PBXFileReference; lastKnownFileType = sourcecode.swift; path = ScreenshotEditorShellPreview.swift; sourceTree = "<group>"; };
		A10000110000000000000030 /* ScreenshotEditorToolbarView.swift */ = {isa = PBXFileReference; lastKnownFileType = sourcecode.swift; path = ScreenshotEditorToolbarView.swift; sourceTree = "<group>"; };
		A10000110000000000000031 /* ScreenshotEditorHostingSupport.swift */ = {isa = PBXFileReference; lastKnownFileType = sourcecode.swift; path = ScreenshotEditorHostingSupport.swift; sourceTree = "<group>"; };
		A10000110000000000000032 /* NSScreen+DisplayID.swift */ = {isa = PBXFileReference; lastKnownFileType = sourcecode.swift; path = "NSScreen+DisplayID.swift"; sourceTree = "<group>"; };
		A10000110000000000000033 /* ScreenshotEditorScreenPlacement.swift */ = {isa = PBXFileReference; lastKnownFileType = sourcecode.swift; path = ScreenshotEditorScreenPlacement.swift; sourceTree = "<group>"; };
		A10000110000000000000034 /* AppLaunchSupport.swift */ = {isa = PBXFileReference; lastKnownFileType = sourcecode.swift; path = AppLaunchSupport.swift; sourceTree = "<group>"; };
		A10000110000000000000035 /* Signing.xcconfig */ = {isa = PBXFileReference; lastKnownFileType = text.xcconfig; path = Signing.xcconfig; sourceTree = "<group>"; };
		A10000110000000000000036 /* Signing.xcconfig.example */ = {isa = PBXFileReference; lastKnownFileType = text.xcconfig; path = Signing.xcconfig.example; sourceTree = "<group>"; };
		A10000110000000000000037 /* Info.plist */ = {isa = PBXFileReference; lastKnownFileType = text.plist.xml; path = Info.plist; sourceTree = "<group>"; };
		A10000110000000000000038 /* scrshot.entitlements */ = {isa = PBXFileReference; lastKnownFileType = text.plist.entitlements; path = scrshot.entitlements; sourceTree = "<group>"; };
		A10000110000000000000039 /* SecurityScopedDirectoryAccess.swift */ = {isa = PBXFileReference; lastKnownFileType = sourcecode.swift; path = SecurityScopedDirectoryAccess.swift; sourceTree = "<group>"; };
		A10000110000000000000040 /* PrivacyInfo.xcprivacy */ = {isa = PBXFileReference; lastKnownFileType = text.xml; path = PrivacyInfo.xcprivacy; sourceTree = "<group>"; };
/* End PBXFileReference section */

/* Begin PBXFrameworksBuildPhase section */
		A10000030000000000000001 /* Frameworks */ = {
			isa = PBXFrameworksBuildPhase;
			buildActionMask = 2147483647;
			files = (
			);
			runOnlyForDeploymentPostprocessing = 0;
		};
		A10000030000000000000002 /* Frameworks */ = {
			isa = PBXFrameworksBuildPhase;
			buildActionMask = 2147483647;
			files = (
				A10000010000000000000012 /* XCTest.framework in Frameworks */,
			);
			runOnlyForDeploymentPostprocessing = 0;
		};
/* End PBXFrameworksBuildPhase section */

/* Begin PBXGroup section */
		9B6FEAC02FCACEAA007B8ED4 /* Recovered References */ = {
			isa = PBXGroup;
			children = (
				A10000110000000000000014 /* XCTest.framework */,
			);
			name = "Recovered References";
			sourceTree = "<group>";
		};
		A10000200000000000000001 = {
			isa = PBXGroup;
			children = (
				A1000020000000000000000A /* Config */,
				A10000200000000000000002 /* Sources */,
				A10000200000000000000004 /* Tests */,
				A10000200000000000000003 /* Products */,
				9B6FEAC02FCACEAA007B8ED4 /* Recovered References */,
			);
			sourceTree = "<group>";
		};
		A1000020000000000000000A /* Config */ = {
			isa = PBXGroup;
			children = (
				A10000110000000000000035 /* Signing.xcconfig */,
				A10000110000000000000036 /* Signing.xcconfig.example */,
			);
			path = Config;
			sourceTree = "<group>";
		};
		A10000200000000000000002 /* Sources */ = {
			isa = PBXGroup;
			children = (
				A10000200000000000000005 /* App */,
				A10000200000000000000006 /* Capture */,
				A10000200000000000000007 /* Editor */,
				A10000200000000000000008 /* Preferences */,
				A10000200000000000000009 /* Support */,
				A10000110000000000000018 /* Assets.xcassets */,
				A10000110000000000000037 /* Info.plist */,
				A10000110000000000000040 /* PrivacyInfo.xcprivacy */,
				A10000110000000000000038 /* scrshot.entitlements */,
			);
			name = Sources;
			path = Sources/scrshot;
			sourceTree = SOURCE_ROOT;
		};
		A10000200000000000000005 /* App */ = {
			isa = PBXGroup;
			children = (
				A10000110000000000000034 /* AppLaunchSupport.swift */,
				A10000110000000000000001 /* App.swift */,
				A10000110000000000000019 /* LaunchAtLoginController.swift */,
				A10000110000000000000016 /* StatusItemController.swift */,
			);
			path = App;
			sourceTree = "<group>";
		};
		A10000200000000000000006 /* Capture */ = {
			isa = PBXGroup;
			children = (
				A10000110000000000000003 /* ScreenCaptureService.swift */,
				A10000110000000000000020 /* ScreenRecordingService.swift */,
			);
			path = Capture;
			sourceTree = "<group>";
		};
		A10000200000000000000007 /* Editor */ = {
			isa = PBXGroup;
			children = (
				A10000110000000000000026 /* InlineTextEditorView.swift */,
				A10000110000000000000024 /* ScreenshotEditorAnnotation.swift */,
				A10000110000000000000009 /* ScreenshotEditorCanvasView.swift */,
				A10000110000000000000025 /* ScreenshotEditorDocument.swift */,
				A10000110000000000000027 /* ScreenshotEditorGeometry.swift */,
				A10000110000000000000031 /* ScreenshotEditorHostingSupport.swift */,
				A10000110000000000000033 /* ScreenshotEditorScreenPlacement.swift */,
				A10000110000000000000023 /* ScreenshotEditorTypes.swift */,
				A10000110000000000000010 /* ScreenshotEditorWindowController.swift */,
				A10000110000000000000022 /* ScreenshotEditorShellView.swift */,
				A10000110000000000000028 /* ScreenshotEditorShellViewModel.swift */,
				A10000110000000000000029 /* ScreenshotEditorShellPreview.swift */,
				A10000110000000000000030 /* ScreenshotEditorToolbarView.swift */,
			);
			path = Editor;
			sourceTree = "<group>";
		};
		A10000200000000000000008 /* Preferences */ = {
			isa = PBXGroup;
			children = (
				A10000110000000000000015 /* AppPreferences.swift */,
				A10000110000000000000017 /* PreferencesWindowController.swift */,
			);
			path = Preferences;
			sourceTree = "<group>";
		};
		A10000200000000000000009 /* Support */ = {
			isa = PBXGroup;
			children = (
				A10000110000000000000011 /* AppLogger.swift */,
				A10000110000000000000021 /* AppRuntimeSupport.swift */,
				A10000110000000000000006 /* ClipboardManager.swift */,
				A10000110000000000000002 /* HotkeyManager.swift */,
				A10000110000000000000007 /* ImageSaver.swift */,
				A10000110000000000000032 /* NSScreen+DisplayID.swift */,
				A10000110000000000000039 /* SecurityScopedDirectoryAccess.swift */,
			);
			path = Support;
			sourceTree = "<group>";
		};
		A10000200000000000000003 /* Products */ = {
			isa = PBXGroup;
			children = (
				A10000110000000000000008 /* scrshot.app */,
				A10000110000000000000013 /* scrshotTests.xctest */,
			);
			name = Products;
			sourceTree = "<group>";
		};
		A10000200000000000000004 /* Tests */ = {
			isa = PBXGroup;
			children = (
				A10000110000000000000012 /* scrshotTests.swift */,
			);
			name = Tests;
			path = Tests/scrshotTests;
			sourceTree = SOURCE_ROOT;
		};
/* End PBXGroup section */

/* Begin PBXNativeTarget section */
		A10000300000000000000001 /* scrshot */ = {
			isa = PBXNativeTarget;
			buildConfigurationList = A10000400000000000000002 /* Build configuration list for PBXNativeTarget "scrshot" */;
			buildPhases = (
				A10000040000000000000001 /* Sources */,
				A10000030000000000000001 /* Frameworks */,
				A10000050000000000000001 /* Resources */,
			);
			buildRules = (
			);
			dependencies = (
			);
			name = scrshot;
			productName = scrshot;
			productReference = A10000110000000000000008 /* scrshot.app */;
			productType = "com.apple.product-type.application";
		};
		A10000300000000000000002 /* scrshotTests */ = {
			isa = PBXNativeTarget;
			buildConfigurationList = A10000400000000000000003 /* Build configuration list for PBXNativeTarget "scrshotTests" */;
			buildPhases = (
				A10000040000000000000002 /* Sources */,
				A10000030000000000000002 /* Frameworks */,
				A10000050000000000000002 /* Resources */,
			);
			buildRules = (
			);
			dependencies = (
				A10000800000000000000001 /* PBXTargetDependency */,
			);
			name = scrshotTests;
			productName = scrshotTests;
			productReference = A10000110000000000000013 /* scrshotTests.xctest */;
			productType = "com.apple.product-type.bundle.unit-test";
		};
/* End PBXNativeTarget section */

/* Begin PBXProject section */
		A10000500000000000000001 /* Project object */ = {
			isa = PBXProject;
			attributes = {
				BuildIndependentTargetsInParallel = 1;
				LastSwiftUpdateCheck = 1600;
				LastUpgradeCheck = 1640;
				TargetAttributes = {
					A10000300000000000000001 = {
						CreatedOnToolsVersion = 16.0;
					};
				};
			};
			buildConfigurationList = A10000400000000000000001 /* Build configuration list for PBXProject "scrshot" */;
			compatibilityVersion = "Xcode 14.0";
			developmentRegion = en;
			hasScannedForEncodings = 0;
			knownRegions = (
				en,
				Base,
			);
			mainGroup = A10000200000000000000001;
			productRefGroup = A10000200000000000000003 /* Products */;
			projectDirPath = "";
			projectRoot = "";
			targets = (
				A10000300000000000000001 /* scrshot */,
				A10000300000000000000002 /* scrshotTests */,
			);
		};
/* End PBXProject section */

/* Begin PBXResourcesBuildPhase section */
		A10000050000000000000001 /* Resources */ = {
			isa = PBXResourcesBuildPhase;
			buildActionMask = 2147483647;
			files = (
				A10000010000000000000016 /* Assets.xcassets in Resources */,
				A10000010000000000000034 /* PrivacyInfo.xcprivacy in Resources */,
			);
			runOnlyForDeploymentPostprocessing = 0;
		};
		A10000050000000000000002 /* Resources */ = {
			isa = PBXResourcesBuildPhase;
			buildActionMask = 2147483647;
			files = (
			);
			runOnlyForDeploymentPostprocessing = 0;
		};
/* End PBXResourcesBuildPhase section */

/* Begin PBXSourcesBuildPhase section */
		A10000040000000000000001 /* Sources */ = {
			isa = PBXSourcesBuildPhase;
			buildActionMask = 2147483647;
			files = (
				A10000010000000000000001 /* App.swift in Sources */,
				A10000010000000000000002 /* HotkeyManager.swift in Sources */,
				A10000010000000000000003 /* ScreenCaptureService.swift in Sources */,
				A10000010000000000000006 /* ClipboardManager.swift in Sources */,
				A10000010000000000000007 /* ImageSaver.swift in Sources */,
				A10000010000000000000008 /* ScreenshotEditorCanvasView.swift in Sources */,
				A10000010000000000000009 /* ScreenshotEditorWindowController.swift in Sources */,
				A10000010000000000000010 /* AppLogger.swift in Sources */,
				A10000010000000000000013 /* AppPreferences.swift in Sources */,
				A10000010000000000000014 /* StatusItemController.swift in Sources */,
				A10000010000000000000015 /* PreferencesWindowController.swift in Sources */,
				A10000010000000000000017 /* LaunchAtLoginController.swift in Sources */,
				A10000010000000000000018 /* ScreenRecordingService.swift in Sources */,
				A10000010000000000000019 /* AppRuntimeSupport.swift in Sources */,
				A10000010000000000000020 /* ScreenshotEditorShellView.swift in Sources */,
				A10000010000000000000021 /* ScreenshotEditorTypes.swift in Sources */,
				A10000010000000000000022 /* ScreenshotEditorAnnotation.swift in Sources */,
				A10000010000000000000023 /* ScreenshotEditorDocument.swift in Sources */,
				A10000010000000000000024 /* InlineTextEditorView.swift in Sources */,
				A10000010000000000000025 /* ScreenshotEditorGeometry.swift in Sources */,
				A10000010000000000000026 /* ScreenshotEditorShellViewModel.swift in Sources */,
				A10000010000000000000027 /* ScreenshotEditorShellPreview.swift in Sources */,
				A10000010000000000000028 /* ScreenshotEditorToolbarView.swift in Sources */,
				A10000010000000000000029 /* ScreenshotEditorHostingSupport.swift in Sources */,
				A10000010000000000000030 /* NSScreen+DisplayID.swift in Sources */,
				A10000010000000000000031 /* ScreenshotEditorScreenPlacement.swift in Sources */,
				A10000010000000000000032 /* AppLaunchSupport.swift in Sources */,
				A10000010000000000000033 /* SecurityScopedDirectoryAccess.swift in Sources */,
			);
			runOnlyForDeploymentPostprocessing = 0;
		};
		A10000040000000000000002 /* Sources */ = {
			isa = PBXSourcesBuildPhase;
			buildActionMask = 2147483647;
			files = (
				A10000010000000000000011 /* scrshotTests.swift in Sources */,
			);
			runOnlyForDeploymentPostprocessing = 0;
		};
/* End PBXSourcesBuildPhase section */

/* Begin PBXTargetDependency section */
		A10000800000000000000001 /* PBXTargetDependency */ = {
			isa = PBXTargetDependency;
			target = A10000300000000000000001 /* scrshot */;
			targetProxy = A10000700000000000000001 /* PBXContainerItemProxy */;
		};
/* End PBXTargetDependency section */

/* Begin XCBuildConfiguration section */
		A10000600000000000000001 /* Debug */ = {
			isa = XCBuildConfiguration;
			buildSettings = {
				ALWAYS_SEARCH_USER_PATHS = NO;
				CLANG_ENABLE_MODULES = YES;
				CLANG_ENABLE_OBJC_ARC = YES;
				CLANG_WARN_BLOCK_CAPTURE_AUTORELEASING = YES;
				CLANG_WARN_BOOL_CONVERSION = YES;
				CLANG_WARN_COMMA = YES;
				CLANG_WARN_CONSTANT_CONVERSION = YES;
				CLANG_WARN_DEPRECATED_OBJC_IMPLEMENTATIONS = YES;
				CLANG_WARN_DOCUMENTATION_COMMENTS = YES;
				CLANG_WARN_EMPTY_BODY = YES;
				CLANG_WARN_ENUM_CONVERSION = YES;
				CLANG_WARN_INFINITE_RECURSION = YES;
				CLANG_WARN_INT_CONVERSION = YES;
				CLANG_WARN_NON_LITERAL_NULL_CONVERSION = YES;
				CLANG_WARN_OBJC_IMPLICIT_RETAIN_SELF = YES;
				CLANG_WARN_OBJC_LITERAL_CONVERSION = YES;
				CLANG_WARN_QUOTED_INCLUDE_IN_FRAMEWORK_HEADER = YES;
				CLANG_WARN_RANGE_LOOP_ANALYSIS = YES;
				CLANG_WARN_STRICT_PROTOTYPES = YES;
				CLANG_WARN_SUSPICIOUS_MOVE = YES;
				CLANG_WARN_UNREACHABLE_CODE = YES;
				CLANG_WARN__DUPLICATE_METHOD_MATCH = YES;
				COPY_PHASE_STRIP = NO;
				DEAD_CODE_STRIPPING = YES;
				DEBUG_INFORMATION_FORMAT = dwarf;
				ENABLE_STRICT_OBJC_MSGSEND = YES;
				ENABLE_TESTABILITY = YES;
				ENABLE_USER_SCRIPT_SANDBOXING = YES;
				GCC_C_LANGUAGE_STANDARD = gnu17;
				GCC_NO_COMMON_BLOCKS = YES;
				GCC_WARN_64_TO_32_BIT_CONVERSION = YES;
				GCC_WARN_ABOUT_RETURN_TYPE = YES;
				GCC_WARN_UNDECLARED_SELECTOR = YES;
				GCC_WARN_UNINITIALIZED_AUTOS = YES;
				GCC_WARN_UNUSED_FUNCTION = YES;
				GCC_WARN_UNUSED_VARIABLE = YES;
				MACOSX_DEPLOYMENT_TARGET = 13.0;
				ONLY_ACTIVE_ARCH = YES;
				SDKROOT = macosx;
				SWIFT_ACTIVE_COMPILATION_CONDITIONS = "DEBUG $(inherited)";
				SWIFT_OPTIMIZATION_LEVEL = "-Onone";
				SWIFT_VERSION = 5.9;
			};
			name = Debug;
		};
		A10000600000000000000002 /* Release */ = {
			isa = XCBuildConfiguration;
			buildSettings = {
				ALWAYS_SEARCH_USER_PATHS = NO;
				CLANG_ENABLE_MODULES = YES;
				CLANG_ENABLE_OBJC_ARC = YES;
				CLANG_WARN_BLOCK_CAPTURE_AUTORELEASING = YES;
				CLANG_WARN_BOOL_CONVERSION = YES;
				CLANG_WARN_COMMA = YES;
				CLANG_WARN_CONSTANT_CONVERSION = YES;
				CLANG_WARN_DEPRECATED_OBJC_IMPLEMENTATIONS = YES;
				CLANG_WARN_DOCUMENTATION_COMMENTS = YES;
				CLANG_WARN_EMPTY_BODY = YES;
				CLANG_WARN_ENUM_CONVERSION = YES;
				CLANG_WARN_INFINITE_RECURSION = YES;
				CLANG_WARN_INT_CONVERSION = YES;
				CLANG_WARN_NON_LITERAL_NULL_CONVERSION = YES;
				CLANG_WARN_OBJC_IMPLICIT_RETAIN_SELF = YES;
				CLANG_WARN_OBJC_LITERAL_CONVERSION = YES;
				CLANG_WARN_QUOTED_INCLUDE_IN_FRAMEWORK_HEADER = YES;
				CLANG_WARN_RANGE_LOOP_ANALYSIS = YES;
				CLANG_WARN_STRICT_PROTOTYPES = YES;
				CLANG_WARN_SUSPICIOUS_MOVE = YES;
				CLANG_WARN_UNREACHABLE_CODE = YES;
				CLANG_WARN__DUPLICATE_METHOD_MATCH = YES;
				COPY_PHASE_STRIP = NO;
				DEAD_CODE_STRIPPING = YES;
				DEBUG_INFORMATION_FORMAT = "dwarf-with-dsym";
				ENABLE_STRICT_OBJC_MSGSEND = YES;
				ENABLE_USER_SCRIPT_SANDBOXING = YES;
				GCC_C_LANGUAGE_STANDARD = gnu17;
				GCC_NO_COMMON_BLOCKS = YES;
				GCC_WARN_64_TO_32_BIT_CONVERSION = YES;
				GCC_WARN_ABOUT_RETURN_TYPE = YES;
				GCC_WARN_UNDECLARED_SELECTOR = YES;
				GCC_WARN_UNINITIALIZED_AUTOS = YES;
				GCC_WARN_UNUSED_FUNCTION = YES;
				GCC_WARN_UNUSED_VARIABLE = YES;
				MACOSX_DEPLOYMENT_TARGET = 13.0;
				SDKROOT = macosx;
				SWIFT_COMPILATION_MODE = wholemodule;
				SWIFT_VERSION = 5.9;
			};
			name = Release;
		};
		A10000600000000000000003 /* Debug */ = {
			isa = XCBuildConfiguration;
			baseConfigurationReference = A10000110000000000000035 /* Signing.xcconfig */;
			buildSettings = {
					APP_DISPLAY_NAME = scrshot;
				ASSETCATALOG_COMPILER_APPICON_NAME = AppIcon;
				"CODE_SIGN_IDENTITY[sdk=macosx*]" = "Apple Development";
				CODE_SIGN_STYLE = Automatic;
				CURRENT_PROJECT_VERSION = 1;
				DEAD_CODE_STRIPPING = YES;
				CODE_SIGN_ENTITLEMENTS = Sources/scrshot/scrshot.entitlements;
				CODE_SIGN_INJECT_BASE_ENTITLEMENTS = YES;
				ENABLE_APP_SANDBOX = YES;
				GENERATE_INFOPLIST_FILE = NO;
				INFOPLIST_FILE = Sources/scrshot/Info.plist;
				LD_RUNPATH_SEARCH_PATHS = (
					"$(inherited)",
					"@executable_path/../Frameworks",
				);
				MACOSX_DEPLOYMENT_TARGET = 13.0;
				MARKETING_VERSION = 1.2;
					PRODUCT_BUNDLE_IDENTIFIER = io.github.Warrfie.scrshot;
					PRODUCT_NAME = "$(TARGET_NAME)";
				SDKROOT = macosx;
				SWIFT_ACTIVE_COMPILATION_CONDITIONS = "DEBUG $(inherited)";
				SWIFT_EMIT_LOC_STRINGS = YES;
				SWIFT_OPTIMIZATION_LEVEL = "-Onone";
				SWIFT_VERSION = 5.9;
			};
			name = Debug;
		};
		A10000600000000000000004 /* Release */ = {
			isa = XCBuildConfiguration;
			baseConfigurationReference = A10000110000000000000035 /* Signing.xcconfig */;
			buildSettings = {
				APP_DISPLAY_NAME = scrshot;
				ASSETCATALOG_COMPILER_APPICON_NAME = AppIcon;
				"CODE_SIGN_IDENTITY[sdk=macosx*]" = "Developer ID Application";
				CODE_SIGN_STYLE = Manual;
				CODE_SIGN_INJECT_BASE_ENTITLEMENTS = NO;
				CURRENT_PROJECT_VERSION = 1;
				DEAD_CODE_STRIPPING = YES;
				CODE_SIGN_ENTITLEMENTS = Sources/scrshot/scrshot.entitlements;
				ENABLE_APP_SANDBOX = YES;
				ENABLE_HARDENED_RUNTIME = YES;
				GENERATE_INFOPLIST_FILE = NO;
				INFOPLIST_FILE = Sources/scrshot/Info.plist;
				LD_RUNPATH_SEARCH_PATHS = (
					"$(inherited)",
					"@executable_path/../Frameworks",
				);
				MACOSX_DEPLOYMENT_TARGET = 13.0;
				MARKETING_VERSION = 1.2;
				PRODUCT_BUNDLE_IDENTIFIER = io.github.Warrfie.scrshot;
				PRODUCT_NAME = "$(TARGET_NAME)";
				SDKROOT = macosx;
				SWIFT_EMIT_LOC_STRINGS = YES;
				SWIFT_VERSION = 5.9;
			};
			name = Release;
		};
		A10000600000000000000005 /* Debug */ = {
			isa = XCBuildConfiguration;
			baseConfigurationReference = A10000110000000000000035 /* Signing.xcconfig */;
			buildSettings = {
				BUNDLE_LOADER = "$(TEST_HOST)";
				"CODE_SIGN_IDENTITY[sdk=macosx*]" = "Apple Development";
				CODE_SIGN_STYLE = Automatic;
				GENERATE_INFOPLIST_FILE = YES;
				LD_RUNPATH_SEARCH_PATHS = (
					"$(inherited)",
					"@loader_path/../Frameworks",
					"@loader_path/Frameworks",
				);
				MACOSX_DEPLOYMENT_TARGET = 13.0;
				PRODUCT_BUNDLE_IDENTIFIER = io.github.Warrfie.scrshotTests;
				PRODUCT_NAME = "$(TARGET_NAME)";
				SDKROOT = macosx;
				SWIFT_ACTIVE_COMPILATION_CONDITIONS = "DEBUG $(inherited)";
				SWIFT_OPTIMIZATION_LEVEL = "-Onone";
				SWIFT_VERSION = 5.9;
					TEST_HOST = "$(BUILT_PRODUCTS_DIR)/scrshot.app/Contents/MacOS/scrshot";
				TEST_TARGET_NAME = scrshot;
			};
			name = Debug;
		};
		A10000600000000000000006 /* Release */ = {
			isa = XCBuildConfiguration;
			baseConfigurationReference = A10000110000000000000035 /* Signing.xcconfig */;
			buildSettings = {
				BUNDLE_LOADER = "$(TEST_HOST)";
				"CODE_SIGN_IDENTITY[sdk=macosx*]" = "Apple Development";
				CODE_SIGN_STYLE = Automatic;
				GENERATE_INFOPLIST_FILE = YES;
				LD_RUNPATH_SEARCH_PATHS = (
					"$(inherited)",
					"@loader_path/../Frameworks",
					"@loader_path/Frameworks",
				);
				MACOSX_DEPLOYMENT_TARGET = 13.0;
				PRODUCT_BUNDLE_IDENTIFIER = io.github.Warrfie.scrshotTests;
				PRODUCT_NAME = "$(TARGET_NAME)";
				SDKROOT = macosx;
				SWIFT_VERSION = 5.9;
				TEST_HOST = "$(BUILT_PRODUCTS_DIR)/scrshot.app/Contents/MacOS/scrshot";
				TEST_TARGET_NAME = scrshot;
			};
			name = Release;
		};
/* End XCBuildConfiguration section */

/* Begin XCConfigurationList section */
		A10000400000000000000001 /* Build configuration list for PBXProject "scrshot" */ = {
			isa = XCConfigurationList;
			buildConfigurations = (
				A10000600000000000000001 /* Debug */,
				A10000600000000000000002 /* Release */,
			);
			defaultConfigurationIsVisible = 0;
			defaultConfigurationName = Release;
		};
		A10000400000000000000002 /* Build configuration list for PBXNativeTarget "scrshot" */ = {
			isa = XCConfigurationList;
			buildConfigurations = (
				A10000600000000000000003 /* Debug */,
				A10000600000000000000004 /* Release */,
			);
			defaultConfigurationIsVisible = 0;
			defaultConfigurationName = Release;
		};
		A10000400000000000000003 /* Build configuration list for PBXNativeTarget "scrshotTests" */ = {
			isa = XCConfigurationList;
			buildConfigurations = (
				A10000600000000000000005 /* Debug */,
				A10000600000000000000006 /* Release */,
			);
			defaultConfigurationIsVisible = 0;
			defaultConfigurationName = Release;
		};
/* End XCConfigurationList section */
	};
	rootObject = A10000500000000000000001 /* Project object */;
}
